// !$*UTF8*$!
{
	archiveVersion = 1;
	classes = {
	};
	objectVersion = 50;
	objects = {

/* Begin PBXBuildFile section */
		B107133926F7B24400F3D6AF /* AppDelegate.swift in Sources */ = {isa = PBXBuildFile; fileRef = B107133826F7B24400F3D6AF /* AppDelegate.swift */; };
		B107133B26F7B24400F3D6AF /* SceneDelegate.swift in Sources */ = {isa = PBXBuildFile; fileRef = B107133A26F7B24400F3D6AF /* SceneDelegate.swift */; };
		B107133D26F7B24400F3D6AF /* ViewController.swift in Sources */ = {isa = PBXBuildFile; fileRef = B107133C26F7B24400F3D6AF /* ViewController.swift */; };
		B107134026F7B24400F3D6AF /* Main.storyboard in Resources */ = {isa = PBXBuildFile; fileRef = B107133E26F7B24400F3D6AF /* Main.storyboard */; };
		B107134226F7B24400F3D6AF /* Assets.xcassets in Resources */ = {isa = PBXBuildFile; fileRef = B107134126F7B24400F3D6AF /* Assets.xcassets */; };
		B107134526F7B24400F3D6AF /* LaunchScreen.storyboard in Resources */ = {isa = PBXBuildFile; fileRef = B107134326F7B24400F3D6AF /* LaunchScreen.storyboard */; };
		B107134D26F7B3DB00F3D6AF /* Constants.swift in Sources */ = {isa = PBXBuildFile; fileRef = B107134C26F7B3DB00F3D6AF /* Constants.swift */; };
		B107135126F7BFAB00F3D6AF /* GitCommitsTableViewCell.xib in Resources */ = {isa = PBXBuildFile; fileRef = B107134F26F7BFAB00F3D6AF /* GitCommitsTableViewCell.xib */; };
		B107135226F7BFAB00F3D6AF /* GitCommitsTableViewCell.swift in Sources */ = {isa = PBXBuildFile; fileRef = B107135026F7BFAB00F3D6AF /* GitCommitsTableViewCell.swift */; };
/* End PBXBuildFile section */

/* Begin PBXFileReference section */
		B107133526F7B24400F3D6AF /* GitAssignment.app */ = {isa = PBXFileReference; explicitFileType = wrapper.application; includeInIndex = 0; path = GitAssignment.app; sourceTree = BUILT_PRODUCTS_DIR; };
		B107133826F7B24400F3D6AF /* AppDelegate.swift */ = {isa = PBXFileReference; lastKnownFileType = sourcecode.swift; path = AppDelegate.swift; sourceTree = "<group>"; };
		B107133A26F7B24400F3D6AF /* SceneDelegate.swift */ = {isa = PBXFileReference; lastKnownFileType = sourcecode.swift; path = SceneDelegate.swift; sourceTree = "<group>"; };
		B107133C26F7B24400F3D6AF /* ViewController.swift */ = {isa = PBXFileReference; lastKnownFileType = sourcecode.swift; path = ViewController.swift; sourceTree = "<group>"; };
		B107133F26F7B24400F3D6AF /* Base */ = {isa = PBXFileReference; lastKnownFileType = file.storyboard; name = Base; path = Base.lproj/Main.storyboard; sourceTree = "<group>"; };
		B107134126F7B24400F3D6AF /* Assets.xcassets */ = {isa = PBXFileReference; lastKnownFileType = folder.assetcatalog; path = Assets.xcassets; sourceTree = "<group>"; };
		B107134426F7B24400F3D6AF /* Base */ = {isa = PBXFileReference; lastKnownFileType = file.storyboard; name = Base; path = Base.lproj/LaunchScreen.storyboard; sourceTree = "<group>"; };
		B107134626F7B24400F3D6AF /* Info.plist */ = {isa = PBXFileReference; lastKnownFileType = text.plist.xml; path = Info.plist; sourceTree = "<group>"; };
		B107134C26F7B3DB00F3D6AF /* Constants.swift */ = {isa = PBXFileReference; lastKnownFileType = sourcecode.swift; path = Constants.swift; sourceTree = "<group>"; };
		B107134F26F7BFAB00F3D6AF /* GitCommitsTableViewCell.xib */ = {isa = PBXFileReference; fileEncoding = 4; lastKnownFileType = file.xib; path = GitCommitsTableViewCell.xib; sourceTree = "<group>"; };
		B107135026F7BFAB00F3D6AF /* GitCommitsTableViewCell.swift */ = {isa = PBXFileReference; fileEncoding = 4; lastKnownFileType = sourcecode.swift; path = GitCommitsTableViewCell.swift; sourceTree = "<group>"; };
/* End PBXFileReference section */

/* Begin PBXFrameworksBuildPhase section */
		B107133226F7B24400F3D6AF /* Frameworks */ = {
			isa = PBXFrameworksBuildPhase;
			buildActionMask = 2147483647;
			files = (
			);
			runOnlyForDeploymentPostprocessing = 0;
		};
/* End PBXFrameworksBuildPhase section */

/* Begin PBXGroup section */
		B107132C26F7B24400F3D6AF = {
			isa = PBXGroup;
			children = (
				B107133726F7B24400F3D6AF /* GitAssignment */,
				B107133626F7B24400F3D6AF /* Products */,
			);
			sourceTree = "<group>";
		};
		B107133626F7B24400F3D6AF /* Products */ = {
			isa = PBXGroup;
			children = (
				B107133526F7B24400F3D6AF /* GitAssignment.app */,
			);
			name = Products;
			sourceTree = "<group>";
		};
		B107133726F7B24400F3D6AF /* GitAssignment */ = {
			isa = PBXGroup;
			children = (
				B107134E26F7BF7700F3D6AF /* CustomUITableViewCells */,
				B107133826F7B24400F3D6AF /* AppDelegate.swift */,
				B107133A26F7B24400F3D6AF /* SceneDelegate.swift */,
				B107133C26F7B24400F3D6AF /* ViewController.swift */,
				B107134C26F7B3DB00F3D6AF /* Constants.swift */,
				B107133E26F7B24400F3D6AF /* Main.storyboard */,
				B107134126F7B24400F3D6AF /* Assets.xcassets */,
				B107134326F7B24400F3D6AF /* LaunchScreen.storyboard */,
				B107134626F7B24400F3D6AF /* Info.plist */,
			);
			path = GitAssignment;
			sourceTree = "<group>";
		};
		B107134E26F7BF7700F3D6AF /* CustomUITableViewCells */ = {
			isa = PBXGroup;
			children = (
				B107135026F7BFAB00F3D6AF /* GitCommitsTableViewCell.swift */,
				B107134F26F7BFAB00F3D6AF /* GitCommitsTableViewCell.xib */,
			);
			path = CustomUITableViewCells;
			sourceTree = "<group>";
		};
/* End PBXGroup section */

/* Begin PBXNativeTarget section */
		B107133426F7B24400F3D6AF /* GitAssignment */ = {
			isa = PBXNativeTarget;
			buildConfigurationList = B107134926F7B24400F3D6AF /* Build configuration list for PBXNativeTarget "GitAssignment" */;
			buildPhases = (
				B107133126F7B24400F3D6AF /* Sources */,
				B107133226F7B24400F3D6AF /* Frameworks */,
				B107133326F7B24400F3D6AF /* Resources */,
			);
			buildRules = (
			);
			dependencies = (
			);
			name = GitAssignment;
			productName = GitAssignment;
			productReference = B107133526F7B24400F3D6AF /* GitAssignment.app */;
			productType = "com.apple.product-type.application";
		};
/* End PBXNativeTarget section */

/* Begin PBXProject section */
		B107132D26F7B24400F3D6AF /* Project object */ = {
			isa = PBXProject;
			attributes = {
				LastSwiftUpdateCheck = 1130;
				LastUpgradeCheck = 1130;
				ORGANIZATIONNAME = "Babji Rao Kajji";
				TargetAttributes = {
					B107133426F7B24400F3D6AF = {
						CreatedOnToolsVersion = 11.3.1;
					};
				};
			};
			buildConfigurationList = B107133026F7B24400F3D6AF /* Build configuration list for PBXProject "GitAssignment" */;
			compatibilityVersion = "Xcode 9.3";
			developmentRegion = en;
			hasScannedForEncodings = 0;
			knownRegions = (
				en,
				Base,
			);
			mainGroup = B107132C26F7B24400F3D6AF;
			productRefGroup = B107133626F7B24400F3D6AF /* Products */;
			projectDirPath = "";
			projectRoot = "";
			targets = (
				B107133426F7B24400F3D6AF /* GitAssignment */,
			);
		};
/* End PBXProject section */

/* Begin PBXResourcesBuildPhase section */
		B107133326F7B24400F3D6AF /* Resources */ = {
			isa = PBXResourcesBuildPhase;
			buildActionMask = 2147483647;
			files = (
				B107134526F7B24400F3D6AF /* LaunchScreen.storyboard in Resources */,
				B107134226F7B24400F3D6AF /* Assets.xcassets in Resources */,
				B107135126F7BFAB00F3D6AF /* GitCommitsTableViewCell.xib in Resources */,
				B107134026F7B24400F3D6AF /* Main.storyboard in Resources */,
			);
			runOnlyForDeploymentPostprocessing = 0;
		};
/* End PBXResourcesBuildPhase section */

/* Begin PBXSourcesBuildPhase section */
		B107133126F7B24400F3D6AF /* Sources */ = {
			isa = PBXSourcesBuildPhase;
			buildActionMask = 2147483647;
			files = (
				B107133D26F7B24400F3D6AF /* ViewController.swift in Sources */,
				B107133926F7B24400F3D6AF /* AppDelegate.swift in Sources */,
				B107135226F7BFAB00F3D6AF /* GitCommitsTableViewCell.swift in Sources */,
				B107133B26F7B24400F3D6AF /* SceneDelegate.swift in Sources */,
				B107134D26F7B3DB00F3D6AF /* Constants.swift in Sources */,
			);
			runOnlyForDeploymentPostprocessing = 0;
		};
/* End PBXSourcesBuildPhase section */

/* Begin PBXVariantGroup section */
		B107133E26F7B24400F3D6AF /* Main.storyboard */ = {
			isa = PBXVariantGroup;
			children = (
				B107133F26F7B24400F3D6AF /* Base */,
			);
			name = Main.storyboard;
			sourceTree = "<group>";
		};
		B107134326F7B24400F3D6AF /* LaunchScreen.storyboard */ = {
			isa = PBXVariantGroup;
			children = (
				B107134426F7B24400F3D6AF /* Base */,
			);
			name = LaunchScreen.storyboard;
			sourceTree = "<group>";
		};
/* End PBXVariantGroup section */

/* Begin XCBuildConfiguration section */
		B107134726F7B24400F3D6AF /* Debug */ = {
			isa = XCBuildConfiguration;
			buildSettings = {
				ALWAYS_SEARCH_USER_PATHS = NO;
				CLANG_ANALYZER_NONNULL = YES;
				CLANG_ANALYZER_NUMBER_OBJECT_CONVERSION = YES_AGGRESSIVE;
				CLANG_CXX_LANGUAGE_STANDARD = "gnu++14";
				CLANG_CXX_LIBRARY = "libc++";
				CLANG_ENABLE_MODULES = YES;
				CLANG_ENABLE_OBJC_ARC = YES;
				CLANG_ENABLE_OBJC_WEAK = YES;
				CLANG_WARN_BLOCK_CAPTURE_AUTORELEASING = YES;
				CLANG_WARN_BOOL_CONVERSION = YES;
				CLANG_WARN_COMMA = YES;
				CLANG_WARN_CONSTANT_CONVERSION = YES;
				CLANG_WARN_DEPRECATED_OBJC_IMPLEMENTATIONS = YES;
				CLANG_WARN_DIRECT_OBJC_ISA_USAGE = YES_ERROR;
				CLANG_WARN_DOCUMENTATION_COMMENTS = YES;
				CLANG_WARN_EMPTY_BODY = YES;
				CLANG_WARN_ENUM_CONVERSION = YES;
				CLANG_WARN_INFINITE_RECURSION = YES;
				CLANG_WARN_INT_CONVERSION = YES;
				CLANG_WARN_NON_LITERAL_NULL_CONVERSION = YES;
				CLANG_WARN_OBJC_IMPLICIT_RETAIN_SELF = YES;
				CLANG_WARN_OBJC_LITERAL_CONVERSION = YES;
				CLANG_WARN_OBJC_ROOT_CLASS = YES_ERROR;
				CLANG_WARN_RANGE_LOOP_ANALYSIS = YES;
				CLANG_WARN_STRICT_PROTOTYPES = YES;
				CLANG_WARN_SUSPICIOUS_MOVE = YES;
				CLANG_WARN_UNGUARDED_AVAILABILITY = YES_AGGRESSIVE;
				CLANG_WARN_UNREACHABLE_CODE = YES;
				CLANG_WARN__DUPLICATE_METHOD_MATCH = YES;
				COPY_PHASE_STRIP = NO;
				DEBUG_INFORMATION_FORMAT = dwarf;
				ENABLE_STRICT_OBJC_MSGSEND = YES;
				ENABLE_TESTABILITY = YES;
				GCC_C_LANGUAGE_STANDARD = gnu11;
				GCC_DYNAMIC_NO_PIC = NO;
				GCC_NO_COMMON_BLOCKS = YES;
				GCC_OPTIMIZATION_LEVEL = 0;
				GCC_PREPROCESSOR_DEFINITIONS = (
					"DEBUG=1",
					"$(inherited)",
				);
				GCC_WARN_64_TO_32_BIT_CONVERSION = YES;
				GCC_WARN_ABOUT_RETURN_TYPE = YES_ERROR;
				GCC_WARN_UNDECLARED_SELECTOR = YES;
				GCC_WARN_UNINITIALIZED_AUTOS = YES_AGGRESSIVE;
				GCC_WARN_UNUSED_FUNCTION = YES;
				GCC_WARN_UNUSED_VARIABLE = YES;
				IPHONEOS_DEPLOYMENT_TARGET = 13.2;
				MTL_ENABLE_DEBUG_INFO = INCLUDE_SOURCE;
				MTL_FAST_MATH = YES;
				ONLY_ACTIVE_ARCH = YES;
				SDKROOT = iphoneos;
				SWIFT_ACTIVE_COMPILATION_CONDITIONS = DEBUG;
				SWIFT_OPTIMIZATION_LEVEL = "-Onone";
			};
			name = Debug;
		};
		B107134826F7B24400F3D6AF /* Release */ = {
			isa = XCBuildConfiguration;
			buildSettings = {
				ALWAYS_SEARCH_USER_PATHS = NO;
				CLANG_ANALYZER_NONNULL = YES;
				CLANG_ANALYZER_NUMBER_OBJECT_CONVERSION = YES_AGGRESSIVE;
				CLANG_CXX_LANGUAGE_STANDARD = "gnu++14";
				CLANG_CXX_LIBRARY = "libc++";
				CLANG_ENABLE_MODULES = YES;
				CLANG_ENABLE_OBJC_ARC = YES;
				CLANG_ENABLE_OBJC_WEAK = YES;
				CLANG_WARN_BLOCK_CAPTURE_AUTORELEASING = YES;
				CLANG_WARN_BOOL_CONVERSION = YES;
				CLANG_WARN_COMMA = YES;
				CLANG_WARN_CONSTANT_CONVERSION = YES;
				CLANG_WARN_DEPRECATED_OBJC_IMPLEMENTATIONS = YES;
				CLANG_WARN_DIRECT_OBJC_ISA_USAGE = YES_ERROR;
				CLANG_WARN_DOCUMENTATION_COMMENTS = YES;
				CLANG_WARN_EMPTY_BODY = YES;
				CLANG_WARN_ENUM_CONVERSION = YES;
				CLANG_WARN_INFINITE_RECURSION = YES;
				CLANG_WARN_INT_CONVERSION = YES;
				CLANG_WARN_NON_LITERAL_NULL_CONVERSION = YES;
				CLANG_WARN_OBJC_IMPLICIT_RETAIN_SELF = YES;
				CLANG_WARN_OBJC_LITERAL_CONVERSION = YES;
				CLANG_WARN_OBJC_ROOT_CLASS = YES_ERROR;
				CLANG_WARN_RANGE_LOOP_ANALYSIS = YES;
				CLANG_WARN_STRICT_PROTOTYPES = YES;
				CLANG_WARN_SUSPICIOUS_MOVE = YES;
				CLANG_WARN_UNGUARDED_AVAILABILITY = YES_AGGRESSIVE;
				CLANG_WARN_UNREACHABLE_CODE = YES;
				CLANG_WARN__DUPLICATE_METHOD_MATCH = YES;
				COPY_PHASE_STRIP = NO;
				DEBUG_INFORMATION_FORMAT = "dwarf-with-dsym";
				ENABLE_NS_ASSERTIONS = NO;
				ENABLE_STRICT_OBJC_MSGSEND = YES;
				GCC_C_LANGUAGE_STANDARD = gnu11;
				GCC_NO_COMMON_BLOCKS = YES;
				GCC_WARN_64_TO_32_BIT_CONVERSION = YES;
				GCC_WARN_ABOUT_RETURN_TYPE = YES_ERROR;
				GCC_WARN_UNDECLARED_SELECTOR = YES;
				GCC_WARN_UNINITIALIZED_AUTOS = YES_AGGRESSIVE;
				GCC_WARN_UNUSED_FUNCTION = YES;
				GCC_WARN_UNUSED_VARIABLE = YES;
				IPHONEOS_DEPLOYMENT_TARGET = 13.2;
				MTL_ENABLE_DEBUG_INFO = NO;
				MTL_FAST_MATH = YES;
				SDKROOT = iphoneos;
				SWIFT_COMPILATION_MODE = wholemodule;
				SWIFT_OPTIMIZATION_LEVEL = "-O";
				VALIDATE_PRODUCT = YES;
			};
			name = Release;
		};
		B107134A26F7B24400F3D6AF /* Debug */ = {
			isa = XCBuildConfiguration;
			buildSettings = {
				ASSETCATALOG_COMPILER_APPICON_NAME = AppIcon;
				CODE_SIGN_STYLE = Automatic;
				INFOPLIST_FILE = GitAssignment/Info.plist;
				LD_RUNPATH_SEARCH_PATHS = (
					"$(inherited)",
					"@executable_path/Frameworks",
				);
				PRODUCT_BUNDLE_IDENTIFIER = Sample.GitAssignment;
				PRODUCT_NAME = "$(TARGET_NAME)";
				SWIFT_VERSION = 5.0;
				TARGETED_DEVICE_FAMILY = "1,2";
			};
			name = Debug;
		};
		B107134B26F7B24400F3D6AF /* Release */ = {
			isa = XCBuildConfiguration;
			buildSettings = {
				ASSETCATALOG_COMPILER_APPICON_NAME = AppIcon;
				CODE_SIGN_STYLE = Automatic;
				INFOPLIST_FILE = GitAssignment/Info.plist;
				LD_RUNPATH_SEARCH_PATHS = (
					"$(inherited)",
					"@executable_path/Frameworks",
				);
				PRODUCT_BUNDLE_IDENTIFIER = Sample.GitAssignment;
				PRODUCT_NAME = "$(TARGET_NAME)";
				SWIFT_VERSION = 5.0;
				TARGETED_DEVICE_FAMILY = "1,2";
			};
			name = Release;
		};
/* End XCBuildConfiguration section */

/* Begin XCConfigurationList section */
		B107133026F7B24400F3D6AF /* Build configuration list for PBXProject "GitAssignment" */ = {
			isa = XCConfigurationList;
			buildConfigurations = (
				B107134726F7B24400F3D6AF /* Debug */,
				B107134826F7B24400F3D6AF /* Release */,
			);
			defaultConfigurationIsVisible = 0;
			defaultConfigurationName = Release;
		};
		B107134926F7B24400F3D6AF /* Build configuration list for PBXNativeTarget "GitAssignment" */ = {
			isa = XCConfigurationList;
			buildConfigurations = (
				B107134A26F7B24400F3D6AF /* Debug */,
				B107134B26F7B24400F3D6AF /* Release */,
			);
			defaultConfigurationIsVisible = 0;
			defaultConfigurationName = Release;
		};
/* End XCConfigurationList section */
	};
	rootObject = B107132D26F7B24400F3D6AF /* Project object */;
}
